
Microsoft Visual Studio Solution File, Format Version 12.00
# Visual Studio Version 17
VisualStudioVersion = 17.11.35219.272
MinimumVisualStudioVersion = 10.0.40219.1
Project("{9A19103F-16F7-4668-BE54-9A1E7A4F7556}") = "BulkyBookWeb", "BulkyWeb\BulkyBookWeb.csproj", "{9E8A0386-0D8E-44FE-87D0-6DAFA7CB4411}"
EndProject
Project("{9A19103F-16F7-4668-BE54-9A1E7A4F7556}") = "BulkyBook.DataAccess", "Bulky.DataAccess\BulkyBook.DataAccess.csproj", "{B326BBF0-E31C-4B34-AC87-D368CB2342F0}"
EndProject
Project("{9A19103F-16F7-4668-BE54-9A1E7A4F7556}") = "BulkyBook.Models", "Bulky.Models\BulkyBook.Models.csproj", "{58DF838B-538F-4098-B4E8-B9475A8B7517}"
EndProject
Project("{9A19103F-16F7-4668-BE54-9A1E7A4F7556}") = "BulkyBook.Utility", "Bulky.Utility\BulkyBook.Utility.csproj", "{88E668F5-7164-4D24-A947-BDC049E2A262}"
EndProject
Global
	GlobalSection(SolutionConfigurationPlatforms) = preSolution
		Debug|Any CPU = Debug|Any CPU
		Release|Any CPU = Release|Any CPU
	EndGlobalSection
	GlobalSection(ProjectConfigurationPlatforms) = postSolution
		{9E8A0386-0D8E-44FE-87D0-6DAFA7CB4411}.Debug|Any CPU.ActiveCfg = Debug|Any CPU
		{9E8A0386-0D8E-44FE-87D0-6DAFA7CB4411}.Debug|Any CPU.Build.0 = Debug|Any CPU
		{9E8A0386-0D8E-44FE-87D0-6DAFA7CB4411}.Release|Any CPU.ActiveCfg = Release|Any CPU
		{9E8A0386-0D8E-44FE-87D0-6DAFA7CB4411}.Release|Any CPU.Build.0 = Release|Any CPU
		{B326BBF0-E31C-4B34-AC87-D368CB2342F0}.Debug|Any CPU.ActiveCfg = Debug|Any CPU
		{B326BBF0-E31C-4B34-AC87-D368CB2342F0}.Debug|Any CPU.Build.0 = Debug|Any CPU
		{B326BBF0-E31C-4B34-AC87-D368CB2342F0}.Release|Any CPU.ActiveCfg = Release|Any CPU
		{B326BBF0-E31C-4B34-AC87-D368CB2342F0}.Release|Any CPU.Build.0 = Release|Any CPU
		{58DF838B-538F-4098-B4E8-B9475A8B7517}.Debug|Any CPU.ActiveCfg = Debug|Any CPU
		{58DF838B-538F-4098-B4E8-B9475A8B7517}.Debug|Any CPU.Build.0 = Debug|Any CPU
		{58DF838B-538F-4098-B4E8-B9475A8B7517}.Release|Any CPU.ActiveCfg = Release|Any CPU
		{58DF838B-538F-4098-B4E8-B9475A8B7517}.Release|Any CPU.Build.0 = Release|Any CPU
		{88E668F5-7164-4D24-A947-BDC049E2A262}.Debug|Any CPU.ActiveCfg = Debug|Any CPU
		{88E668F5-7164-4D24-A947-BDC049E2A262}.Debug|Any CPU.Build.0 = Debug|Any CPU
		{88E668F5-7164-4D24-A947-BDC049E2A262}.Release|Any CPU.ActiveCfg = Release|Any CPU
		{88E668F5-7164-4D24-A947-BDC049E2A262}.Release|Any CPU.Build.0 = Release|Any CPU
	EndGlobalSection
	GlobalSection(SolutionProperties) = preSolution
		HideSolutionNode = FALSE
	EndGlobalSection
	GlobalSection(ExtensibilityGlobals) = postSolution
		SolutionGuid = {ACA61136-6DDF-404D-909E-E4895F1292AB}
	EndGlobalSection
EndGlobal
